
Microsoft Visual Studio Solution File, Format Version 12.00
# Visual Studio 15
VisualStudioVersion = 15.0.27703.2018
MinimumVisualStudioVersion = 10.0.40219.1
Project("{9A19103F-16F7-4668-BE54-9A1E7A4F7556}") = "VethorScan.Contracts", "VethorScan.Contracts\VethorScan.Contracts.csproj", "{9902F2D3-A7B9-4275-943D-8695E9887A58}"
EndProject
Project("{9A19103F-16F7-4668-BE54-9A1E7A4F7556}") = "VethorScan.AC", "VethorScan.AC\VethorScan.AC.csproj", "{28D2726B-773F-46BF-B053-00978D5223BF}"
EndProject
Project("{9A19103F-16F7-4668-BE54-9A1E7A4F7556}") = "VethorScan.Data", "VethorScan.Data\VethorScan.Data.csproj", "{BB069AAA-F282-46E3-9D23-5005BD9D6AFB}"
EndProject
Project("{9A19103F-16F7-4668-BE54-9A1E7A4F7556}") = "VethorScan.Domain", "VethorScan.Domain\VethorScan.Domain.csproj", "{49E402C6-DA87-492F-A6D6-3523CCF3E282}"
EndProject
Project("{9A19103F-16F7-4668-BE54-9A1E7A4F7556}") = "VethorScan.AppMgr", "VethorScan.AppMgr\VethorScan.AppMgr.csproj", "{29970468-A0EA-4601-B4F3-83363587D01B}"
EndProject
Project("{9A19103F-16F7-4668-BE54-9A1E7A4F7556}") = "VethorScan.Common", "VethorScan.Common\VethorScan.Common.csproj", "{FF498C04-CAF6-4C99-847E-1265423ADBD3}"
EndProject
Project("{9A19103F-16F7-4668-BE54-9A1E7A4F7556}") = "VethorScan.Web", "VethorScan.Web\VethorScan.Web.csproj", "{C16EB6FF-FB47-40E0-99FA-A56326F7B23C}"
EndProject
Global
	GlobalSection(SolutionConfigurationPlatforms) = preSolution
		Debug|Any CPU = Debug|Any CPU
		Release|Any CPU = Release|Any CPU
	EndGlobalSection
	GlobalSection(ProjectConfigurationPlatforms) = postSolution
		{9902F2D3-A7B9-4275-943D-8695E9887A58}.Debug|Any CPU.ActiveCfg = Debug|Any CPU
		{9902F2D3-A7B9-4275-943D-8695E9887A58}.Debug|Any CPU.Build.0 = Debug|Any CPU
		{9902F2D3-A7B9-4275-943D-8695E9887A58}.Release|Any CPU.ActiveCfg = Release|Any CPU
		{9902F2D3-A7B9-4275-943D-8695E9887A58}.Release|Any CPU.Build.0 = Release|Any CPU
		{28D2726B-773F-46BF-B053-00978D5223BF}.Debug|Any CPU.ActiveCfg = Debug|Any CPU
		{28D2726B-773F-46BF-B053-00978D5223BF}.Debug|Any CPU.Build.0 = Debug|Any CPU
		{28D2726B-773F-46BF-B053-00978D5223BF}.Release|Any CPU.ActiveCfg = Release|Any CPU
		{28D2726B-773F-46BF-B053-00978D5223BF}.Release|Any CPU.Build.0 = Release|Any CPU
		{BB069AAA-F282-46E3-9D23-5005BD9D6AFB}.Debug|Any CPU.ActiveCfg = Debug|Any CPU
		{BB069AAA-F282-46E3-9D23-5005BD9D6AFB}.Debug|Any CPU.Build.0 = Debug|Any CPU
		{BB069AAA-F282-46E3-9D23-5005BD9D6AFB}.Release|Any CPU.ActiveCfg = Release|Any CPU
		{BB069AAA-F282-46E3-9D23-5005BD9D6AFB}.Release|Any CPU.Build.0 = Release|Any CPU
		{49E402C6-DA87-492F-A6D6-3523CCF3E282}.Debug|Any CPU.ActiveCfg = Debug|Any CPU
		{49E402C6-DA87-492F-A6D6-3523CCF3E282}.Debug|Any CPU.Build.0 = Debug|Any CPU
		{49E402C6-DA87-492F-A6D6-3523CCF3E282}.Release|Any CPU.ActiveCfg = Release|Any CPU
		{49E402C6-DA87-492F-A6D6-3523CCF3E282}.Release|Any CPU.Build.0 = Release|Any CPU
		{29970468-A0EA-4601-B4F3-83363587D01B}.Debug|Any CPU.ActiveCfg = Debug|Any CPU
		{29970468-A0EA-4601-B4F3-83363587D01B}.Debug|Any CPU.Build.0 = Debug|Any CPU
		{29970468-A0EA-4601-B4F3-83363587D01B}.Release|Any CPU.ActiveCfg = Release|Any CPU
		{29970468-A0EA-4601-B4F3-83363587D01B}.Release|Any CPU.Build.0 = Release|Any CPU
		{FF498C04-CAF6-4C99-847E-1265423ADBD3}.Debug|Any CPU.ActiveCfg = Debug|Any CPU
		{FF498C04-CAF6-4C99-847E-1265423ADBD3}.Debug|Any CPU.Build.0 = Debug|Any CPU
		{FF498C04-CAF6-4C99-847E-1265423ADBD3}.Release|Any CPU.ActiveCfg = Release|Any CPU
		{FF498C04-CAF6-4C99-847E-1265423ADBD3}.Release|Any CPU.Build.0 = Release|Any CPU
		{C16EB6FF-FB47-40E0-99FA-A56326F7B23C}.Debug|Any CPU.ActiveCfg = Debug|Any CPU
		{C16EB6FF-FB47-40E0-99FA-A56326F7B23C}.Debug|Any CPU.Build.0 = Debug|Any CPU
		{C16EB6FF-FB47-40E0-99FA-A56326F7B23C}.Release|Any CPU.ActiveCfg = Release|Any CPU
		{C16EB6FF-FB47-40E0-99FA-A56326F7B23C}.Release|Any CPU.Build.0 = Release|Any CPU
	EndGlobalSection
	GlobalSection(SolutionProperties) = preSolution
		HideSolutionNode = FALSE
	EndGlobalSection
	GlobalSection(ExtensibilityGlobals) = postSolution
		SolutionGuid = {3F1F7AF7-3C6D-42C3-8215-44116E3489F6}
	EndGlobalSection
EndGlobal
